
Microsoft Visual Studio Solution File, Format Version 12.00
# Visual Studio 2013
VisualStudioVersion = 12.0.31101.0
MinimumVisualStudioVersion = 10.0.40219.1
Project("{FAE04EC0-301F-11D3-BF4B-00C04F79EFBC}") = "Pairs", "Pairs\Pairs.csproj", "{0EDD9148-38F7-4B1D-AC4E-3A19E37E53FF}"
EndProject
Global
	GlobalSection(SolutionConfigurationPlatforms) = preSolution
		Debug|Any CPU = Debug|Any CPU
		Release|Any CPU = Release|Any CPU
	EndGlobalSection
	GlobalSection(ProjectConfigurationPlatforms) = postSolution
		{0EDD9148-38F7-4B1D-AC4E-3A19E37E53FF}.Debug|Any CPU.ActiveCfg = Debug|Any CPU
		{0EDD9148-38F7-4B1D-AC4E-3A19E37E53FF}.Debug|Any CPU.Build.0 = Debug|Any CPU
		{0EDD9148-38F7-4B1D-AC4E-3A19E37E53FF}.Release|Any CPU.ActiveCfg = Release|Any CPU
		{0EDD9148-38F7-4B1D-AC4E-3A19E37E53FF}.Release|Any CPU.Build.0 = Release|Any CPU
	EndGlobalSection
	GlobalSection(SolutionProperties) = preSolution
		HideSolutionNode = FALSE
	EndGlobalSection
EndGlobal
